{
  "object": {
    "pins": [
      {
        "package": "Utilities",
        "repositoryURL": "https://github.com/GeoffBurns/Utilities",
        "state": {
          "branch": null,
          "revision": "d96e85d29a6c509141c59d6844c252696e1d3ff3",
          "version": "0.1.7"
        }
      }
    ]
  },
  "version": 1
}
